{
  "name": "p5.lerpshape",
  "version": "1.0.2",
  "lockfileVersion": 3,
  "requires": true,
  "packages": {
    "": {
      "name": "p5.lerpshape",
      "version": "1.0.2",
      "license": "MIT",
      "dependencies": {
        "p5.lerpshape": "^1.0.1"
      }
    },
    "node_modules/p5.lerpshape": {
      "version": "1.0.1",
      "resolved": "https://registry.npmjs.org/p5.lerpshape/-/p5.lerpshape-1.0.1.tgz",
      "integrity": "sha512-3bz2D7+1EXklKoKrvBMCm7FwEVHYHOQB15fl5Jccr34ssMvzGE/mPoC51Ydv+j838BCGgGCWco6Q9vGn/+7LrQ==",
      "license": "MIT"
    }
  }
}
